{
  "nodes": {
    "ayu-light-bat": {
      "inputs": {
        "flake-utils": "flake-utils",
        "nixpkgs": "nixpkgs"
      },
      "locked": {
        "lastModified": 1648329169,
        "narHash": "sha256-A7bPhtDsSbLXg8G5UHPau2AYV5k2FKX1LBYs9JyC0ok=",
        "owner": "pepijno",
        "repo": "ayu-light-bat",
        "rev": "9aaa2613ed5bdbf55a1f15b02f2602dfa2d76495",
        "type": "github"
      },
      "original": {
        "owner": "pepijno",
        "repo": "ayu-light-bat",
        "type": "github"
      }
    },
    "flake-utils": {
      "locked": {
        "lastModified": 1648297722,
        "narHash": "sha256-W+qlPsiZd8F3XkzXOzAoR+mpFqzm3ekQkJNa+PIh1BQ=",
        "owner": "numtide",
        "repo": "flake-utils",
        "rev": "0f8662f1319ad6abf89b3380dd2722369fc51ade",
        "type": "github"
      },
      "original": {
        "owner": "numtide",
        "repo": "flake-utils",
        "type": "github"
      }
    },
    "home-manager": {
      "inputs": {
        "nixpkgs": [
          "nixpkgs"
        ]
      },
      "locked": {
        "lastModified": 1651007090,
        "narHash": "sha256-C/OoQRzTUOWEr1sd3xTKA2GudA1YG1XB3MlL6KfTchg=",
        "owner": "nix-community",
        "repo": "home-manager",
        "rev": "778af87a981eb2bfa3566dff8c3fb510856329ef",
        "type": "github"
      },
      "original": {
        "owner": "nix-community",
        "repo": "home-manager",
        "type": "github"
      }
    },
    "nixpkgs": {
      "locked": {
        "lastModified": 1648069223,
        "narHash": "sha256-BXzQV8p/RR440EB9qY0ULYfTH0zSW1stjUCYeP4SF+E=",
        "owner": "nixos",
        "repo": "nixpkgs",
        "rev": "1d08ea2bd83abef174fb43cbfb8a856b8ef2ce26",
        "type": "github"
      },
      "original": {
        "owner": "nixos",
        "ref": "nixos-unstable",
        "repo": "nixpkgs",
        "type": "github"
      }
    },
    "nixpkgs_2": {
      "locked": {
        "lastModified": 1651007983,
        "narHash": "sha256-GNay7yDPtLcRcKCNHldug85AhAvBpTtPEJWSSDYBw8U=",
        "owner": "NixOS",
        "repo": "nixpkgs",
        "rev": "e10da1c7f542515b609f8dfbcf788f3d85b14936",
        "type": "github"
      },
      "original": {
        "id": "nixpkgs",
        "ref": "nixos-unstable",
        "type": "indirect"
      }
    },
    "root": {
      "inputs": {
        "ayu-light-bat": "ayu-light-bat",
        "home-manager": "home-manager",
        "nixpkgs": "nixpkgs_2"
      }
    }
  },
  "root": "root",
  "version": 7
}
